
Microsoft Visual Studio Solution File, Format Version 12.00
# Visual Studio Version 17
VisualStudioVersion = 17.0.31903.59
MinimumVisualStudioVersion = 10.0.40219.1
Project("{9A19103F-16F7-4668-BE54-9A1E7A4F7556}") = "DX11App", "DX11App\DX11App.csproj", "{32F269D8-B682-4DC3-9B86-3707C4D172D8}"
EndProject
Project("{9A19103F-16F7-4668-BE54-9A1E7A4F7556}") = "VulkanApp", "VulkanApp\VulkanApp.csproj", "{DA063F80-7BF8-40E8-A8D8-71A9377430CC}"
EndProject
Global
	GlobalSection(SolutionConfigurationPlatforms) = preSolution
		Debug|Any CPU = Debug|Any CPU
		Release|Any CPU = Release|Any CPU
	EndGlobalSection
	GlobalSection(ProjectConfigurationPlatforms) = postSolution
		{32F269D8-B682-4DC3-9B86-3707C4D172D8}.Debug|Any CPU.ActiveCfg = Debug|Any CPU
		{32F269D8-B682-4DC3-9B86-3707C4D172D8}.Debug|Any CPU.Build.0 = Debug|Any CPU
		{32F269D8-B682-4DC3-9B86-3707C4D172D8}.Release|Any CPU.ActiveCfg = Release|Any CPU
		{32F269D8-B682-4DC3-9B86-3707C4D172D8}.Release|Any CPU.Build.0 = Release|Any CPU
		{DA063F80-7BF8-40E8-A8D8-71A9377430CC}.Debug|Any CPU.ActiveCfg = Debug|Any CPU
		{DA063F80-7BF8-40E8-A8D8-71A9377430CC}.Debug|Any CPU.Build.0 = Debug|Any CPU
		{DA063F80-7BF8-40E8-A8D8-71A9377430CC}.Release|Any CPU.ActiveCfg = Release|Any CPU
		{DA063F80-7BF8-40E8-A8D8-71A9377430CC}.Release|Any CPU.Build.0 = Release|Any CPU
	EndGlobalSection
	GlobalSection(SolutionProperties) = preSolution
		HideSolutionNode = FALSE
	EndGlobalSection
	GlobalSection(ExtensibilityGlobals) = postSolution
		SolutionGuid = {CCB8C755-E680-4389-ADC5-387F2FCF3C2E}
	EndGlobalSection
EndGlobal
